
Microsoft Visual Studio Solution File, Format Version 12.00
# Visual Studio Version 16
VisualStudioVersion = 16.0.29920.165
MinimumVisualStudioVersion = 10.0.40219.1
Project("{FAE04EC0-301F-11D3-BF4B-00C04F79EFBC}") = "APBD-Cw3", "APBD-Cw3.csproj", "{61CC0B82-6303-4BC0-B3C2-47F56DB58AAD}"
EndProject
Global
	GlobalSection(SolutionConfigurationPlatforms) = preSolution
		Debug|Any CPU = Debug|Any CPU
		Release|Any CPU = Release|Any CPU
	EndGlobalSection
	GlobalSection(ProjectConfigurationPlatforms) = postSolution
		{61CC0B82-6303-4BC0-B3C2-47F56DB58AAD}.Debug|Any CPU.ActiveCfg = Debug|Any CPU
		{61CC0B82-6303-4BC0-B3C2-47F56DB58AAD}.Debug|Any CPU.Build.0 = Debug|Any CPU
		{61CC0B82-6303-4BC0-B3C2-47F56DB58AAD}.Release|Any CPU.ActiveCfg = Release|Any CPU
		{61CC0B82-6303-4BC0-B3C2-47F56DB58AAD}.Release|Any CPU.Build.0 = Release|Any CPU
	EndGlobalSection
	GlobalSection(SolutionProperties) = preSolution
		HideSolutionNode = FALSE
	EndGlobalSection
	GlobalSection(ExtensibilityGlobals) = postSolution
		SolutionGuid = {F5C8D55A-36E7-4831-AB52-8E6158982167}
	EndGlobalSection
EndGlobal
